
Microsoft Visual Studio Solution File, Format Version 12.00
# Visual Studio Version 17
VisualStudioVersion = 17.8.34408.163
MinimumVisualStudioVersion = 10.0.40219.1
Project("{FAE04EC0-301F-11D3-BF4B-00C04F79EFBC}") = "ServiceConsoleApp", "ServiceConsoleApp\ServiceConsoleApp.csproj", "{D1356EFB-D0C6-46E7-892A-4ACA66835879}"
EndProject
Global
	GlobalSection(SolutionConfigurationPlatforms) = preSolution
		Debug|Any CPU = Debug|Any CPU
		Release|Any CPU = Release|Any CPU
	EndGlobalSection
	GlobalSection(ProjectConfigurationPlatforms) = postSolution
		{D1356EFB-D0C6-46E7-892A-4ACA66835879}.Debug|Any CPU.ActiveCfg = Debug|Any CPU
		{D1356EFB-D0C6-46E7-892A-4ACA66835879}.Debug|Any CPU.Build.0 = Debug|Any CPU
		{D1356EFB-D0C6-46E7-892A-4ACA66835879}.Release|Any CPU.ActiveCfg = Release|Any CPU
		{D1356EFB-D0C6-46E7-892A-4ACA66835879}.Release|Any CPU.Build.0 = Release|Any CPU
	EndGlobalSection
	GlobalSection(SolutionProperties) = preSolution
		HideSolutionNode = FALSE
	EndGlobalSection
	GlobalSection(ExtensibilityGlobals) = postSolution
		SolutionGuid = {03F7666C-B60D-4C48-9DE0-E54CEA83CDD3}
	EndGlobalSection
EndGlobal
