
Microsoft Visual Studio Solution File, Format Version 12.00
# Visual Studio Version 17
VisualStudioVersion = 17.8.34408.163
MinimumVisualStudioVersion = 10.0.40219.1
Project("{FAE04EC0-301F-11D3-BF4B-00C04F79EFBC}") = "eventchallenge", "eventchallenge\eventchallenge.csproj", "{7191CAF9-0C15-45D8-AC99-F64758588A05}"
EndProject
Global
	GlobalSection(SolutionConfigurationPlatforms) = preSolution
		Debug|Any CPU = Debug|Any CPU
		Release|Any CPU = Release|Any CPU
	EndGlobalSection
	GlobalSection(ProjectConfigurationPlatforms) = postSolution
		{7191CAF9-0C15-45D8-AC99-F64758588A05}.Debug|Any CPU.ActiveCfg = Debug|Any CPU
		{7191CAF9-0C15-45D8-AC99-F64758588A05}.Debug|Any CPU.Build.0 = Debug|Any CPU
		{7191CAF9-0C15-45D8-AC99-F64758588A05}.Release|Any CPU.ActiveCfg = Release|Any CPU
		{7191CAF9-0C15-45D8-AC99-F64758588A05}.Release|Any CPU.Build.0 = Release|Any CPU
	EndGlobalSection
	GlobalSection(SolutionProperties) = preSolution
		HideSolutionNode = FALSE
	EndGlobalSection
	GlobalSection(ExtensibilityGlobals) = postSolution
		SolutionGuid = {637EBED2-3F96-443B-83A8-0A39998C5A76}
	EndGlobalSection
EndGlobal
