
Microsoft Visual Studio Solution File, Format Version 12.00
# Visual Studio Version 17
VisualStudioVersion = 17.8.34408.163
MinimumVisualStudioVersion = 10.0.40219.1
Project("{FAE04EC0-301F-11D3-BF4B-00C04F79EFBC}") = "Interface Training Random Number", "Interface Training Random Number\Interface Training Random Number.csproj", "{85ABA0EF-A4CE-4A15-86A7-19F6AD8E796C}"
EndProject
Global
	GlobalSection(SolutionConfigurationPlatforms) = preSolution
		Debug|Any CPU = Debug|Any CPU
		Release|Any CPU = Release|Any CPU
	EndGlobalSection
	GlobalSection(ProjectConfigurationPlatforms) = postSolution
		{85ABA0EF-A4CE-4A15-86A7-19F6AD8E796C}.Debug|Any CPU.ActiveCfg = Debug|Any CPU
		{85ABA0EF-A4CE-4A15-86A7-19F6AD8E796C}.Debug|Any CPU.Build.0 = Debug|Any CPU
		{85ABA0EF-A4CE-4A15-86A7-19F6AD8E796C}.Release|Any CPU.ActiveCfg = Release|Any CPU
		{85ABA0EF-A4CE-4A15-86A7-19F6AD8E796C}.Release|Any CPU.Build.0 = Release|Any CPU
	EndGlobalSection
	GlobalSection(SolutionProperties) = preSolution
		HideSolutionNode = FALSE
	EndGlobalSection
	GlobalSection(ExtensibilityGlobals) = postSolution
		SolutionGuid = {66D47C89-CED3-49DA-A2AD-7CDBFC8D5AE4}
	EndGlobalSection
EndGlobal
