
Microsoft Visual Studio Solution File, Format Version 12.00
# Visual Studio Version 17
VisualStudioVersion = 17.8.34408.163
MinimumVisualStudioVersion = 10.0.40219.1
Project("{FAE04EC0-301F-11D3-BF4B-00C04F79EFBC}") = "Thread Synchronization Practice", "Thread Synchronization Practice\Thread Synchronization Practice.csproj", "{6CB3BBB2-B7AA-45AC-95AC-AD0AFA1CC768}"
EndProject
Global
	GlobalSection(SolutionConfigurationPlatforms) = preSolution
		Debug|Any CPU = Debug|Any CPU
		Release|Any CPU = Release|Any CPU
	EndGlobalSection
	GlobalSection(ProjectConfigurationPlatforms) = postSolution
		{6CB3BBB2-B7AA-45AC-95AC-AD0AFA1CC768}.Debug|Any CPU.ActiveCfg = Debug|Any CPU
		{6CB3BBB2-B7AA-45AC-95AC-AD0AFA1CC768}.Debug|Any CPU.Build.0 = Debug|Any CPU
		{6CB3BBB2-B7AA-45AC-95AC-AD0AFA1CC768}.Release|Any CPU.ActiveCfg = Release|Any CPU
		{6CB3BBB2-B7AA-45AC-95AC-AD0AFA1CC768}.Release|Any CPU.Build.0 = Release|Any CPU
	EndGlobalSection
	GlobalSection(SolutionProperties) = preSolution
		HideSolutionNode = FALSE
	EndGlobalSection
	GlobalSection(ExtensibilityGlobals) = postSolution
		SolutionGuid = {CDF4C6BD-97BF-4462-9B89-E0F323D0997F}
	EndGlobalSection
EndGlobal
