
Microsoft Visual Studio Solution File, Format Version 12.00
# Visual Studio Version 17
VisualStudioVersion = 17.8.34408.163
MinimumVisualStudioVersion = 10.0.40219.1
Project("{FAE04EC0-301F-11D3-BF4B-00C04F79EFBC}") = "Championship.Web", "Championship.Web\Championship.Web\Championship.Web.csproj", "{5678E34A-359C-4F1D-A3CF-AAE140335EEC}"
	ProjectSection(ProjectDependencies) = postProject
		{D16B1DAE-1334-4C53-9E34-586FE93ACB3C} = {D16B1DAE-1334-4C53-9E34-586FE93ACB3C}
		{F81F4DF3-6451-4528-9A82-8CB9B2AF4115} = {F81F4DF3-6451-4528-9A82-8CB9B2AF4115}
	EndProjectSection
EndProject
Project("{FAE04EC0-301F-11D3-BF4B-00C04F79EFBC}") = "Championship.Web.Client", "Championship.Web\Championship.Web.Client\Championship.Web.Client.csproj", "{E2A00B01-AD1B-425F-92EC-0D1A3117E1D3}"
	ProjectSection(ProjectDependencies) = postProject
		{D16B1DAE-1334-4C53-9E34-586FE93ACB3C} = {D16B1DAE-1334-4C53-9E34-586FE93ACB3C}
		{F81F4DF3-6451-4528-9A82-8CB9B2AF4115} = {F81F4DF3-6451-4528-9A82-8CB9B2AF4115}
	EndProjectSection
EndProject
Project("{FAE04EC0-301F-11D3-BF4B-00C04F79EFBC}") = "Championship.API", "Championship.API\Championship.API.csproj", "{F81F4DF3-6451-4528-9A82-8CB9B2AF4115}"
	ProjectSection(ProjectDependencies) = postProject
		{D16B1DAE-1334-4C53-9E34-586FE93ACB3C} = {D16B1DAE-1334-4C53-9E34-586FE93ACB3C}
		{F140533B-A2C9-4C4E-89EC-860F70B83657} = {F140533B-A2C9-4C4E-89EC-860F70B83657}
	EndProjectSection
EndProject
Project("{FAE04EC0-301F-11D3-BF4B-00C04F79EFBC}") = "Championship.DATA", "Championship.DATA\Championship.DATA.csproj", "{F140533B-A2C9-4C4E-89EC-860F70B83657}"
EndProject
Project("{FAE04EC0-301F-11D3-BF4B-00C04F79EFBC}") = "Championship.SHARED", "Championship.SHARED\Championship.SHARED.csproj", "{D16B1DAE-1334-4C53-9E34-586FE93ACB3C}"
EndProject
Global
	GlobalSection(SolutionConfigurationPlatforms) = preSolution
		Debug|Any CPU = Debug|Any CPU
		Release|Any CPU = Release|Any CPU
	EndGlobalSection
	GlobalSection(ProjectConfigurationPlatforms) = postSolution
		{5678E34A-359C-4F1D-A3CF-AAE140335EEC}.Debug|Any CPU.ActiveCfg = Debug|Any CPU
		{5678E34A-359C-4F1D-A3CF-AAE140335EEC}.Debug|Any CPU.Build.0 = Debug|Any CPU
		{5678E34A-359C-4F1D-A3CF-AAE140335EEC}.Release|Any CPU.ActiveCfg = Release|Any CPU
		{5678E34A-359C-4F1D-A3CF-AAE140335EEC}.Release|Any CPU.Build.0 = Release|Any CPU
		{E2A00B01-AD1B-425F-92EC-0D1A3117E1D3}.Debug|Any CPU.ActiveCfg = Debug|Any CPU
		{E2A00B01-AD1B-425F-92EC-0D1A3117E1D3}.Debug|Any CPU.Build.0 = Debug|Any CPU
		{E2A00B01-AD1B-425F-92EC-0D1A3117E1D3}.Release|Any CPU.ActiveCfg = Release|Any CPU
		{E2A00B01-AD1B-425F-92EC-0D1A3117E1D3}.Release|Any CPU.Build.0 = Release|Any CPU
		{F81F4DF3-6451-4528-9A82-8CB9B2AF4115}.Debug|Any CPU.ActiveCfg = Debug|Any CPU
		{F81F4DF3-6451-4528-9A82-8CB9B2AF4115}.Debug|Any CPU.Build.0 = Debug|Any CPU
		{F81F4DF3-6451-4528-9A82-8CB9B2AF4115}.Release|Any CPU.ActiveCfg = Release|Any CPU
		{F81F4DF3-6451-4528-9A82-8CB9B2AF4115}.Release|Any CPU.Build.0 = Release|Any CPU
		{F140533B-A2C9-4C4E-89EC-860F70B83657}.Debug|Any CPU.ActiveCfg = Debug|Any CPU
		{F140533B-A2C9-4C4E-89EC-860F70B83657}.Debug|Any CPU.Build.0 = Debug|Any CPU
		{F140533B-A2C9-4C4E-89EC-860F70B83657}.Release|Any CPU.ActiveCfg = Release|Any CPU
		{F140533B-A2C9-4C4E-89EC-860F70B83657}.Release|Any CPU.Build.0 = Release|Any CPU
		{D16B1DAE-1334-4C53-9E34-586FE93ACB3C}.Debug|Any CPU.ActiveCfg = Debug|Any CPU
		{D16B1DAE-1334-4C53-9E34-586FE93ACB3C}.Debug|Any CPU.Build.0 = Debug|Any CPU
		{D16B1DAE-1334-4C53-9E34-586FE93ACB3C}.Release|Any CPU.ActiveCfg = Release|Any CPU
		{D16B1DAE-1334-4C53-9E34-586FE93ACB3C}.Release|Any CPU.Build.0 = Release|Any CPU
	EndGlobalSection
	GlobalSection(SolutionProperties) = preSolution
		HideSolutionNode = FALSE
	EndGlobalSection
	GlobalSection(ExtensibilityGlobals) = postSolution
		SolutionGuid = {CD601A6B-3D77-4207-8C27-9CC3C25D060A}
	EndGlobalSection
EndGlobal
